// !$*UTF8*$!
{
	archiveVersion = 1;
	classes = {
	};
	objectVersion = 77;
	objects = {

/* Begin PBXContainerItemProxy section */
		623EE3832E057D5A00EADFB0 /* PBXContainerItemProxy */ = {
			isa = PBXContainerItemProxy;
			containerPortal = 623EE36A2E057D5900EADFB0 /* Project object */;
			proxyType = 1;
			remoteGlobalIDString = 623EE3712E057D5900EADFB0;
			remoteInfo = AdVendtureTime;
		};
		623EE38D2E057D5A00EADFB0 /* PBXContainerItemProxy */ = {
			isa = PBXContainerItemProxy;
			containerPortal = 623EE36A2E057D5900EADFB0 /* Project object */;
			proxyType = 1;
			remoteGlobalIDString = 623EE3712E057D5900EADFB0;
			remoteInfo = AdVendtureTime;
		};
/* End PBXContainerItemProxy section */

/* Begin PBXFileReference section */
		623EE3722E057D5900EADFB0 /* AdVendtureTime.app */ = {isa = PBXFileReference; explicitFileType = wrapper.application; includeInIndex = 0; path = AdVendtureTime.app; sourceTree = BUILT_PRODUCTS_DIR; };
		623EE3822E057D5A00EADFB0 /* AdVendtureTimeTests.xctest */ = {isa = PBXFileReference; explicitFileType = wrapper.cfbundle; includeInIndex = 0; path = AdVendtureTimeTests.xctest; sourceTree = BUILT_PRODUCTS_DIR; };
		623EE38C2E057D5A00EADFB0 /* AdVendtureTimeUITests.xctest */ = {isa = PBXFileReference; explicitFileType = wrapper.cfbundle; includeInIndex = 0; path = AdVendtureTimeUITests.xctest; sourceTree = BUILT_PRODUCTS_DIR; };
/* End PBXFileReference section */

/* Begin PBXFileSystemSynchronizedBuildFileExceptionSet section */
		623EE5D62E09D53400EADFB0 /* Exceptions for "AdVendtureTime" folder in "AdVendtureTime" target */ = {
			isa = PBXFileSystemSynchronizedBuildFileExceptionSet;
			membershipExceptions = (
				Info.plist,
			);
			target = 623EE3712E057D5900EADFB0 /* AdVendtureTime */;
		};
/* End PBXFileSystemSynchronizedBuildFileExceptionSet section */

/* Begin PBXFileSystemSynchronizedRootGroup section */
		623EE3742E057D5900EADFB0 /* AdVendtureTime */ = {
			isa = PBXFileSystemSynchronizedRootGroup;
			exceptions = (
				623EE5D62E09D53400EADFB0 /* Exceptions for "AdVendtureTime" folder in "AdVendtureTime" target */,
			);
			path = AdVendtureTime;
			sourceTree = "<group>";
		};
		623EE3852E057D5A00EADFB0 /* AdVendtureTimeTests */ = {
			isa = PBXFileSystemSynchronizedRootGroup;
			path = AdVendtureTimeTests;
			sourceTree = "<group>";
		};
		623EE38F2E057D5A00EADFB0 /* AdVendtureTimeUITests */ = {
			isa = PBXFileSystemSynchronizedRootGroup;
			path = AdVendtureTimeUITests;
			sourceTree = "<group>";
		};
/* End PBXFileSystemSynchronizedRootGroup section */

/* Begin PBXFrameworksBuildPhase section */
		623EE36F2E057D5900EADFB0 /* Frameworks */ = {
			isa = PBXFrameworksBuildPhase;
			buildActionMask = 2147483647;
			files = (
			);
			runOnlyForDeploymentPostprocessing = 0;
		};
		623EE37F2E057D5A00EADFB0 /* Frameworks */ = {
			isa = PBXFrameworksBuildPhase;
			buildActionMask = 2147483647;
			files = (
			);
			runOnlyForDeploymentPostprocessing = 0;
		};
		623EE3892E057D5A00EADFB0 /* Frameworks */ = {
			isa = PBXFrameworksBuildPhase;
			buildActionMask = 2147483647;
			files = (
			);
			runOnlyForDeploymentPostprocessing = 0;
		};
/* End PBXFrameworksBuildPhase section */

/* Begin PBXGroup section */
		623EE3692E057D5900EADFB0 = {
			isa = PBXGroup;
			children = (
				623EE3742E057D5900EADFB0 /* AdVendtureTime */,
				623EE3852E057D5A00EADFB0 /* AdVendtureTimeTests */,
				623EE38F2E057D5A00EADFB0 /* AdVendtureTimeUITests */,
				623EE3732E057D5900EADFB0 /* Products */,
			);
			sourceTree = "<group>";
		};
		623EE3732E057D5900EADFB0 /* Products */ = {
			isa = PBXGroup;
			children = (
				623EE3722E057D5900EADFB0 /* AdVendtureTime.app */,
				623EE3822E057D5A00EADFB0 /* AdVendtureTimeTests.xctest */,
				623EE38C2E057D5A00EADFB0 /* AdVendtureTimeUITests.xctest */,
			);
			name = Products;
			sourceTree = "<group>";
		};
/* End PBXGroup section */

/* Begin PBXNativeTarget section */
		623EE3712E057D5900EADFB0 /* AdVendtureTime */ = {
			isa = PBXNativeTarget;
			buildConfigurationList = 623EE3962E057D5A00EADFB0 /* Build configuration list for PBXNativeTarget "AdVendtureTime" */;
			buildPhases = (
				623EE36E2E057D5900EADFB0 /* Sources */,
				623EE36F2E057D5900EADFB0 /* Frameworks */,
				623EE3702E057D5900EADFB0 /* Resources */,
			);
			buildRules = (
			);
			dependencies = (
			);
			fileSystemSynchronizedGroups = (
				623EE3742E057D5900EADFB0 /* AdVendtureTime */,
			);
			name = AdVendtureTime;
			packageProductDependencies = (
			);
			productName = AdVendtureTime;
			productReference = 623EE3722E057D5900EADFB0 /* AdVendtureTime.app */;
			productType = "com.apple.product-type.application";
		};
		623EE3812E057D5A00EADFB0 /* AdVendtureTimeTests */ = {
			isa = PBXNativeTarget;
			buildConfigurationList = 623EE3992E057D5A00EADFB0 /* Build configuration list for PBXNativeTarget "AdVendtureTimeTests" */;
			buildPhases = (
				623EE37E2E057D5A00EADFB0 /* Sources */,
				623EE37F2E057D5A00EADFB0 /* Frameworks */,
				623EE3802E057D5A00EADFB0 /* Resources */,
			);
			buildRules = (
			);
			dependencies = (
				623EE3842E057D5A00EADFB0 /* PBXTargetDependency */,
			);
			fileSystemSynchronizedGroups = (
				623EE3852E057D5A00EADFB0 /* AdVendtureTimeTests */,
			);
			name = AdVendtureTimeTests;
			packageProductDependencies = (
			);
			productName = AdVendtureTimeTests;
			productReference = 623EE3822E057D5A00EADFB0 /* AdVendtureTimeTests.xctest */;
			productType = "com.apple.product-type.bundle.unit-test";
		};
		623EE38B2E057D5A00EADFB0 /* AdVendtureTimeUITests */ = {
			isa = PBXNativeTarget;
			buildConfigurationList = 623EE39C2E057D5A00EADFB0 /* Build configuration list for PBXNativeTarget "AdVendtureTimeUITests" */;
			buildPhases = (
				623EE3882E057D5A00EADFB0 /* Sources */,
				623EE3892E057D5A00EADFB0 /* Frameworks */,
				623EE38A2E057D5A00EADFB0 /* Resources */,
			);
			buildRules = (
			);
			dependencies = (
				623EE38E2E057D5A00EADFB0 /* PBXTargetDependency */,
			);
			fileSystemSynchronizedGroups = (
				623EE38F2E057D5A00EADFB0 /* AdVendtureTimeUITests */,
			);
			name = AdVendtureTimeUITests;
			packageProductDependencies = (
			);
			productName = AdVendtureTimeUITests;
			productReference = 623EE38C2E057D5A00EADFB0 /* AdVendtureTimeUITests.xctest */;
			productType = "com.apple.product-type.bundle.ui-testing";
		};
/* End PBXNativeTarget section */

/* Begin PBXProject section */
		623EE36A2E057D5900EADFB0 /* Project object */ = {
			isa = PBXProject;
			attributes = {
				BuildIndependentTargetsInParallel = 1;
				LastSwiftUpdateCheck = 1620;
				LastUpgradeCheck = 1620;
				TargetAttributes = {
					623EE3712E057D5900EADFB0 = {
						CreatedOnToolsVersion = 16.2;
					};
					623EE3812E057D5A00EADFB0 = {
						CreatedOnToolsVersion = 16.2;
						LastSwiftMigration = 1620;
						TestTargetID = 623EE3712E057D5900EADFB0;
					};
					623EE38B2E057D5A00EADFB0 = {
						CreatedOnToolsVersion = 16.2;
						TestTargetID = 623EE3712E057D5900EADFB0;
					};
				};
			};
			buildConfigurationList = 623EE36D2E057D5900EADFB0 /* Build configuration list for PBXProject "AdVendtureTime" */;
			developmentRegion = en;
			hasScannedForEncodings = 0;
			knownRegions = (
				en,
				Base,
			);
			mainGroup = 623EE3692E057D5900EADFB0;
			minimizedProjectReferenceProxies = 1;
			preferredProjectObjectVersion = 77;
			productRefGroup = 623EE3732E057D5900EADFB0 /* Products */;
			projectDirPath = "";
			projectRoot = "";
			targets = (
				623EE3712E057D5900EADFB0 /* AdVendtureTime */,
				623EE3812E057D5A00EADFB0 /* AdVendtureTimeTests */,
				623EE38B2E057D5A00EADFB0 /* AdVendtureTimeUITests */,
			);
		};
/* End PBXProject section */

/* Begin PBXResourcesBuildPhase section */
		623EE3702E057D5900EADFB0 /* Resources */ = {
			isa = PBXResourcesBuildPhase;
			buildActionMask = 2147483647;
			files = (
			);
			runOnlyForDeploymentPostprocessing = 0;
		};
		623EE3802E057D5A00EADFB0 /* Resources */ = {
			isa = PBXResourcesBuildPhase;
			buildActionMask = 2147483647;
			files = (
			);
			runOnlyForDeploymentPostprocessing = 0;
		};
		623EE38A2E057D5A00EADFB0 /* Resources */ = {
			isa = PBXResourcesBuildPhase;
			buildActionMask = 2147483647;
			files = (
			);
			runOnlyForDeploymentPostprocessing = 0;
		};
/* End PBXResourcesBuildPhase section */

/* Begin PBXSourcesBuildPhase section */
		623EE36E2E057D5900EADFB0 /* Sources */ = {
			isa = PBXSourcesBuildPhase;
			buildActionMask = 2147483647;
			files = (
			);
			runOnlyForDeploymentPostprocessing = 0;
		};
		623EE37E2E057D5A00EADFB0 /* Sources */ = {
			isa = PBXSourcesBuildPhase;
			buildActionMask = 2147483647;
			files = (
			);
			runOnlyForDeploymentPostprocessing = 0;
		};
		623EE3882E057D5A00EADFB0 /* Sources */ = {
			isa = PBXSourcesBuildPhase;
			buildActionMask = 2147483647;
			files = (
			);
			runOnlyForDeploymentPostprocessing = 0;
		};
/* End PBXSourcesBuildPhase section */

/* Begin PBXTargetDependency section */
		623EE3842E057D5A00EADFB0 /* PBXTargetDependency */ = {
			isa = PBXTargetDependency;
			target = 623EE3712E057D5900EADFB0 /* AdVendtureTime */;
			targetProxy = 623EE3832E057D5A00EADFB0 /* PBXContainerItemProxy */;
		};
		623EE38E2E057D5A00EADFB0 /* PBXTargetDependency */ = {
			isa = PBXTargetDependency;
			target = 623EE3712E057D5900EADFB0 /* AdVendtureTime */;
			targetProxy = 623EE38D2E057D5A00EADFB0 /* PBXContainerItemProxy */;
		};
/* End PBXTargetDependency section */

/* Begin XCBuildConfiguration section */
		623EE3942E057D5A00EADFB0 /* Debug */ = {
			isa = XCBuildConfiguration;
			buildSettings = {
				ALWAYS_SEARCH_USER_PATHS = NO;
				ASSETCATALOG_COMPILER_GENERATE_SWIFT_ASSET_SYMBOL_EXTENSIONS = YES;
				CLANG_ANALYZER_NONNULL = YES;
				CLANG_ANALYZER_NUMBER_OBJECT_CONVERSION = YES_AGGRESSIVE;
				CLANG_CXX_LANGUAGE_STANDARD = "gnu++20";
				CLANG_ENABLE_MODULES = YES;
				CLANG_ENABLE_OBJC_ARC = YES;
				CLANG_ENABLE_OBJC_WEAK = YES;
				CLANG_WARN_BLOCK_CAPTURE_AUTORELEASING = YES;
				CLANG_WARN_BOOL_CONVERSION = YES;
				CLANG_WARN_COMMA = YES;
				CLANG_WARN_CONSTANT_CONVERSION = YES;
				CLANG_WARN_DEPRECATED_OBJC_IMPLEMENTATIONS = YES;
				CLANG_WARN_DIRECT_OBJC_ISA_USAGE = YES_ERROR;
				CLANG_WARN_DOCUMENTATION_COMMENTS = YES;
				CLANG_WARN_EMPTY_BODY = YES;
				CLANG_WARN_ENUM_CONVERSION = YES;
				CLANG_WARN_INFINITE_RECURSION = YES;
				CLANG_WARN_INT_CONVERSION = YES;
				CLANG_WARN_NON_LITERAL_NULL_CONVERSION = YES;
				CLANG_WARN_OBJC_IMPLICIT_RETAIN_SELF = YES;
				CLANG_WARN_OBJC_LITERAL_CONVERSION = YES;
				CLANG_WARN_OBJC_ROOT_CLASS = YES_ERROR;
				CLANG_WARN_QUOTED_INCLUDE_IN_FRAMEWORK_HEADER = YES;
				CLANG_WARN_RANGE_LOOP_ANALYSIS = YES;
				CLANG_WARN_STRICT_PROTOTYPES = YES;
				CLANG_WARN_SUSPICIOUS_MOVE = YES;
				CLANG_WARN_UNGUARDED_AVAILABILITY = YES_AGGRESSIVE;
				CLANG_WARN_UNREACHABLE_CODE = YES;
				CLANG_WARN__DUPLICATE_METHOD_MATCH = YES;
				COPY_PHASE_STRIP = NO;
				DEBUG_INFORMATION_FORMAT = dwarf;
				ENABLE_STRICT_OBJC_MSGSEND = YES;
				ENABLE_TESTABILITY = YES;
				ENABLE_USER_SCRIPT_SANDBOXING = YES;
				GCC_C_LANGUAGE_STANDARD = gnu17;
				GCC_DYNAMIC_NO_PIC = NO;
				GCC_NO_COMMON_BLOCKS = YES;
				GCC_OPTIMIZATION_LEVEL = 0;
				GCC_PREPROCESSOR_DEFINITIONS = (
					"DEBUG=1",
					"$(inherited)",
				);
				GCC_WARN_64_TO_32_BIT_CONVERSION = YES;
				GCC_WARN_ABOUT_RETURN_TYPE = YES_ERROR;
				GCC_WARN_UNDECLARED_SELECTOR = YES;
				GCC_WARN_UNINITIALIZED_AUTOS = YES_AGGRESSIVE;
				GCC_WARN_UNUSED_FUNCTION = YES;
				GCC_WARN_UNUSED_VARIABLE = YES;
				IPHONEOS_DEPLOYMENT_TARGET = 18.2;
				LOCALIZATION_PREFERS_STRING_CATALOGS = YES;
				MTL_ENABLE_DEBUG_INFO = INCLUDE_SOURCE;
				MTL_FAST_MATH = YES;
				ONLY_ACTIVE_ARCH = YES;
				SDKROOT = iphoneos;
				SWIFT_ACTIVE_COMPILATION_CONDITIONS = "DEBUG $(inherited)";
				SWIFT_OPTIMIZATION_LEVEL = "-Onone";
			};
			name = Debug;
		};
		623EE3952E057D5A00EADFB0 /* Release */ = {
			isa = XCBuildConfiguration;
			buildSettings = {
				ALWAYS_SEARCH_USER_PATHS = NO;
				ASSETCATALOG_COMPILER_GENERATE_SWIFT_ASSET_SYMBOL_EXTENSIONS = YES;
				CLANG_ANALYZER_NONNULL = YES;
				CLANG_ANALYZER_NUMBER_OBJECT_CONVERSION = YES_AGGRESSIVE;
				CLANG_CXX_LANGUAGE_STANDARD = "gnu++20";
				CLANG_ENABLE_MODULES = YES;
				CLANG_ENABLE_OBJC_ARC = YES;
				CLANG_ENABLE_OBJC_WEAK = YES;
				CLANG_WARN_BLOCK_CAPTURE_AUTORELEASING = YES;
				CLANG_WARN_BOOL_CONVERSION = YES;
				CLANG_WARN_COMMA = YES;
				CLANG_WARN_CONSTANT_CONVERSION = YES;
				CLANG_WARN_DEPRECATED_OBJC_IMPLEMENTATIONS = YES;
				CLANG_WARN_DIRECT_OBJC_ISA_USAGE = YES_ERROR;
				CLANG_WARN_DOCUMENTATION_COMMENTS = YES;
				CLANG_WARN_EMPTY_BODY = YES;
				CLANG_WARN_ENUM_CONVERSION = YES;
				CLANG_WARN_INFINITE_RECURSION = YES;
				CLANG_WARN_INT_CONVERSION = YES;
				CLANG_WARN_NON_LITERAL_NULL_CONVERSION = YES;
				CLANG_WARN_OBJC_IMPLICIT_RETAIN_SELF = YES;
				CLANG_WARN_OBJC_LITERAL_CONVERSION = YES;
				CLANG_WARN_OBJC_ROOT_CLASS = YES_ERROR;
				CLANG_WARN_QUOTED_INCLUDE_IN_FRAMEWORK_HEADER = YES;
				CLANG_WARN_RANGE_LOOP_ANALYSIS = YES;
				CLANG_WARN_STRICT_PROTOTYPES = YES;
				CLANG_WARN_SUSPICIOUS_MOVE = YES;
				CLANG_WARN_UNGUARDED_AVAILABILITY = YES_AGGRESSIVE;
				CLANG_WARN_UNREACHABLE_CODE = YES;
				CLANG_WARN__DUPLICATE_METHOD_MATCH = YES;
				COPY_PHASE_STRIP = NO;
				DEBUG_INFORMATION_FORMAT = "dwarf-with-dsym";
				ENABLE_NS_ASSERTIONS = NO;
				ENABLE_STRICT_OBJC_MSGSEND = YES;
				ENABLE_USER_SCRIPT_SANDBOXING = YES;
				GCC_C_LANGUAGE_STANDARD = gnu17;
				GCC_NO_COMMON_BLOCKS = YES;
				GCC_WARN_64_TO_32_BIT_CONVERSION = YES;
				GCC_WARN_ABOUT_RETURN_TYPE = YES_ERROR;
				GCC_WARN_UNDECLARED_SELECTOR = YES;
				GCC_WARN_UNINITIALIZED_AUTOS = YES_AGGRESSIVE;
				GCC_WARN_UNUSED_FUNCTION = YES;
				GCC_WARN_UNUSED_VARIABLE = YES;
				IPHONEOS_DEPLOYMENT_TARGET = 18.2;
				LOCALIZATION_PREFERS_STRING_CATALOGS = YES;
				MTL_ENABLE_DEBUG_INFO = NO;
				MTL_FAST_MATH = YES;
				SDKROOT = iphoneos;
				SWIFT_COMPILATION_MODE = wholemodule;
				VALIDATE_PRODUCT = YES;
			};
			name = Release;
		};
		623EE3972E057D5A00EADFB0 /* Debug */ = {
			isa = XCBuildConfiguration;
			buildSettings = {
				ASSETCATALOG_COMPILER_APPICON_NAME = AppIcon;
				ASSETCATALOG_COMPILER_GLOBAL_ACCENT_COLOR_NAME = AccentColor;
				CODE_SIGN_STYLE = Automatic;
				CURRENT_PROJECT_VERSION = 1;
				DEVELOPMENT_ASSET_PATHS = "\"AdVendtureTime/Preview Content\"";
				DEVELOPMENT_TEAM = Q46SWBYR52;
				ENABLE_PREVIEWS = YES;
				GENERATE_INFOPLIST_FILE = YES;
				INFOPLIST_FILE = AdVendtureTime/Info.plist;
				INFOPLIST_KEY_UIApplicationSceneManifest_Generation = YES;
				INFOPLIST_KEY_UIApplicationSupportsIndirectInputEvents = YES;
				INFOPLIST_KEY_UISupportedInterfaceOrientations_iPad = "UIInterfaceOrientationPortrait UIInterfaceOrientationPortraitUpsideDown UIInterfaceOrientationLandscapeLeft UIInterfaceOrientationLandscapeRight";
				INFOPLIST_KEY_UISupportedInterfaceOrientations_iPhone = "UIInterfaceOrientationPortrait UIInterfaceOrientationLandscapeLeft UIInterfaceOrientationLandscapeRight";
				IPHONEOS_DEPLOYMENT_TARGET = 17.6;
				LD_RUNPATH_SEARCH_PATHS = (
					"$(inherited)",
					"@executable_path/Frameworks",
				);
				MARKETING_VERSION = 1.0;
				PRODUCT_BUNDLE_IDENTIFIER = karoline.skumsrud.AdVendtureTime;
				PRODUCT_NAME = "$(TARGET_NAME)";
				SWIFT_EMIT_LOC_STRINGS = YES;
				SWIFT_VERSION = 5.0;
				TARGETED_DEVICE_FAMILY = "1,2";
			};
			name = Debug;
		};
		623EE3982E057D5A00EADFB0 /* Release */ = {
			isa = XCBuildConfiguration;
			buildSettings = {
				ASSETCATALOG_COMPILER_APPICON_NAME = AppIcon;
				ASSETCATALOG_COMPILER_GLOBAL_ACCENT_COLOR_NAME = AccentColor;
				CODE_SIGN_STYLE = Automatic;
				CURRENT_PROJECT_VERSION = 1;
				DEVELOPMENT_ASSET_PATHS = "\"AdVendtureTime/Preview Content\"";
				DEVELOPMENT_TEAM = Q46SWBYR52;
				ENABLE_PREVIEWS = YES;
				GENERATE_INFOPLIST_FILE = YES;
				INFOPLIST_FILE = AdVendtureTime/Info.plist;
				INFOPLIST_KEY_UIApplicationSceneManifest_Generation = YES;
				INFOPLIST_KEY_UIApplicationSupportsIndirectInputEvents = YES;
				INFOPLIST_KEY_UISupportedInterfaceOrientations_iPad = "UIInterfaceOrientationPortrait UIInterfaceOrientationPortraitUpsideDown UIInterfaceOrientationLandscapeLeft UIInterfaceOrientationLandscapeRight";
				INFOPLIST_KEY_UISupportedInterfaceOrientations_iPhone = "UIInterfaceOrientationPortrait UIInterfaceOrientationLandscapeLeft UIInterfaceOrientationLandscapeRight";
				IPHONEOS_DEPLOYMENT_TARGET = 17.6;
				LD_RUNPATH_SEARCH_PATHS = (
					"$(inherited)",
					"@executable_path/Frameworks",
				);
				MARKETING_VERSION = 1.0;
				PRODUCT_BUNDLE_IDENTIFIER = karoline.skumsrud.AdVendtureTime;
				PRODUCT_NAME = "$(TARGET_NAME)";
				SWIFT_EMIT_LOC_STRINGS = YES;
				SWIFT_VERSION = 5.0;
				TARGETED_DEVICE_FAMILY = "1,2";
			};
			name = Release;
		};
		623EE39A2E057D5A00EADFB0 /* Debug */ = {
			isa = XCBuildConfiguration;
			buildSettings = {
				BUNDLE_LOADER = "$(TEST_HOST)";
				CLANG_ENABLE_MODULES = YES;
				CODE_SIGN_STYLE = Automatic;
				CURRENT_PROJECT_VERSION = 1;
				DEVELOPMENT_TEAM = V4VH255CRP;
				GENERATE_INFOPLIST_FILE = YES;
				IPHONEOS_DEPLOYMENT_TARGET = 18.2;
				MARKETING_VERSION = 1.0;
				PRODUCT_BUNDLE_IDENTIFIER = skumsrud.AdVendtureTimeTests;
				PRODUCT_NAME = "$(TARGET_NAME)";
				SWIFT_EMIT_LOC_STRINGS = NO;
				SWIFT_OPTIMIZATION_LEVEL = "-Onone";
				SWIFT_VERSION = 5.0;
				TARGETED_DEVICE_FAMILY = "1,2";
				TEST_HOST = "$(BUILT_PRODUCTS_DIR)/AdVendtureTime.app/$(BUNDLE_EXECUTABLE_FOLDER_PATH)/AdVendtureTime";
			};
			name = Debug;
		};
		623EE39B2E057D5A00EADFB0 /* Release */ = {
			isa = XCBuildConfiguration;
			buildSettings = {
				BUNDLE_LOADER = "$(TEST_HOST)";
				CLANG_ENABLE_MODULES = YES;
				CODE_SIGN_STYLE = Automatic;
				CURRENT_PROJECT_VERSION = 1;
				DEVELOPMENT_TEAM = V4VH255CRP;
				GENERATE_INFOPLIST_FILE = YES;
				IPHONEOS_DEPLOYMENT_TARGET = 18.2;
				MARKETING_VERSION = 1.0;
				PRODUCT_BUNDLE_IDENTIFIER = skumsrud.AdVendtureTimeTests;
				PRODUCT_NAME = "$(TARGET_NAME)";
				SWIFT_EMIT_LOC_STRINGS = NO;
				SWIFT_VERSION = 5.0;
				TARGETED_DEVICE_FAMILY = "1,2";
				TEST_HOST = "$(BUILT_PRODUCTS_DIR)/AdVendtureTime.app/$(BUNDLE_EXECUTABLE_FOLDER_PATH)/AdVendtureTime";
			};
			name = Release;
		};
		623EE39D2E057D5A00EADFB0 /* Debug */ = {
			isa = XCBuildConfiguration;
			buildSettings = {
				CODE_SIGN_STYLE = Automatic;
				CURRENT_PROJECT_VERSION = 1;
				DEVELOPMENT_TEAM = V4VH255CRP;
				GENERATE_INFOPLIST_FILE = YES;
				MARKETING_VERSION = 1.0;
				PRODUCT_BUNDLE_IDENTIFIER = skumsrud.AdVendtureTimeUITests;
				PRODUCT_NAME = "$(TARGET_NAME)";
				SWIFT_EMIT_LOC_STRINGS = NO;
				SWIFT_VERSION = 5.0;
				TARGETED_DEVICE_FAMILY = "1,2";
				TEST_TARGET_NAME = AdVendtureTime;
			};
			name = Debug;
		};
		623EE39E2E057D5A00EADFB0 /* Release */ = {
			isa = XCBuildConfiguration;
			buildSettings = {
				CODE_SIGN_STYLE = Automatic;
				CURRENT_PROJECT_VERSION = 1;
				DEVELOPMENT_TEAM = V4VH255CRP;
				GENERATE_INFOPLIST_FILE = YES;
				MARKETING_VERSION = 1.0;
				PRODUCT_BUNDLE_IDENTIFIER = skumsrud.AdVendtureTimeUITests;
				PRODUCT_NAME = "$(TARGET_NAME)";
				SWIFT_EMIT_LOC_STRINGS = NO;
				SWIFT_VERSION = 5.0;
				TARGETED_DEVICE_FAMILY = "1,2";
				TEST_TARGET_NAME = AdVendtureTime;
			};
			name = Release;
		};
/* End XCBuildConfiguration section */

/* Begin XCConfigurationList section */
		623EE36D2E057D5900EADFB0 /* Build configuration list for PBXProject "AdVendtureTime" */ = {
			isa = XCConfigurationList;
			buildConfigurations = (
				623EE3942E057D5A00EADFB0 /* Debug */,
				623EE3952E057D5A00EADFB0 /* Release */,
			);
			defaultConfigurationIsVisible = 0;
			defaultConfigurationName = Release;
		};
		623EE3962E057D5A00EADFB0 /* Build configuration list for PBXNativeTarget "AdVendtureTime" */ = {
			isa = XCConfigurationList;
			buildConfigurations = (
				623EE3972E057D5A00EADFB0 /* Debug */,
				623EE3982E057D5A00EADFB0 /* Release */,
			);
			defaultConfigurationIsVisible = 0;
			defaultConfigurationName = Release;
		};
		623EE3992E057D5A00EADFB0 /* Build configuration list for PBXNativeTarget "AdVendtureTimeTests" */ = {
			isa = XCConfigurationList;
			buildConfigurations = (
				623EE39A2E057D5A00EADFB0 /* Debug */,
				623EE39B2E057D5A00EADFB0 /* Release */,
			);
			defaultConfigurationIsVisible = 0;
			defaultConfigurationName = Release;
		};
		623EE39C2E057D5A00EADFB0 /* Build configuration list for PBXNativeTarget "AdVendtureTimeUITests" */ = {
			isa = XCConfigurationList;
			buildConfigurations = (
				623EE39D2E057D5A00EADFB0 /* Debug */,
				623EE39E2E057D5A00EADFB0 /* Release */,
			);
			defaultConfigurationIsVisible = 0;
			defaultConfigurationName = Release;
		};
/* End XCConfigurationList section */
	};
	rootObject = 623EE36A2E057D5900EADFB0 /* Project object */;
}
